
Microsoft Visual Studio Solution File, Format Version 12.00
# Visual Studio 15
VisualStudioVersion = 15.0.28307.1145
MinimumVisualStudioVersion = 10.0.40219.1
Project("{FAE04EC0-301F-11D3-BF4B-00C04F79EFBC}") = "B20 Ex2 Shir 313361750 Noam 308337930", "B20 Ex2 Shir 313361750 Noam 308337930\B20 Ex2 Shir 313361750 Noam 308337930.csproj", "{F8BD0988-2CEC-4368-A9A4-877B7F9C8106}"
EndProject
Global
	GlobalSection(SolutionConfigurationPlatforms) = preSolution
		Debug|Any CPU = Debug|Any CPU
		Release|Any CPU = Release|Any CPU
	EndGlobalSection
	GlobalSection(ProjectConfigurationPlatforms) = postSolution
		{F8BD0988-2CEC-4368-A9A4-877B7F9C8106}.Debug|Any CPU.ActiveCfg = Debug|Any CPU
		{F8BD0988-2CEC-4368-A9A4-877B7F9C8106}.Debug|Any CPU.Build.0 = Debug|Any CPU
		{F8BD0988-2CEC-4368-A9A4-877B7F9C8106}.Release|Any CPU.ActiveCfg = Release|Any CPU
		{F8BD0988-2CEC-4368-A9A4-877B7F9C8106}.Release|Any CPU.Build.0 = Release|Any CPU
	EndGlobalSection
	GlobalSection(SolutionProperties) = preSolution
		HideSolutionNode = FALSE
	EndGlobalSection
	GlobalSection(ExtensibilityGlobals) = postSolution
		SolutionGuid = {F34AF523-F26B-42F2-BC48-D5243A4BA1B8}
	EndGlobalSection
EndGlobal
